
Microsoft Visual Studio Solution File, Format Version 12.00
# Visual Studio Version 17
VisualStudioVersion = 17.10.35122.118
MinimumVisualStudioVersion = 10.0.40219.1
Project("{FAE04EC0-301F-11D3-BF4B-00C04F79EFBC}") = "Conditional-Statements C#", "Conditional-Statements C#.csproj", "{9ECA80D6-43FD-4928-966A-D5ED9F7F18F7}"
EndProject
Global
	GlobalSection(SolutionConfigurationPlatforms) = preSolution
		Debug|Any CPU = Debug|Any CPU
		Release|Any CPU = Release|Any CPU
	EndGlobalSection
	GlobalSection(ProjectConfigurationPlatforms) = postSolution
		{9ECA80D6-43FD-4928-966A-D5ED9F7F18F7}.Debug|Any CPU.ActiveCfg = Debug|Any CPU
		{9ECA80D6-43FD-4928-966A-D5ED9F7F18F7}.Debug|Any CPU.Build.0 = Debug|Any CPU
		{9ECA80D6-43FD-4928-966A-D5ED9F7F18F7}.Release|Any CPU.ActiveCfg = Release|Any CPU
		{9ECA80D6-43FD-4928-966A-D5ED9F7F18F7}.Release|Any CPU.Build.0 = Release|Any CPU
	EndGlobalSection
	GlobalSection(SolutionProperties) = preSolution
		HideSolutionNode = FALSE
	EndGlobalSection
	GlobalSection(ExtensibilityGlobals) = postSolution
		SolutionGuid = {25F21873-89E0-4541-9DB9-F102EFDF3D81}
	EndGlobalSection
EndGlobal
