
Microsoft Visual Studio Solution File, Format Version 12.00
# Visual Studio Version 17
VisualStudioVersion = 17.10.35122.118
MinimumVisualStudioVersion = 10.0.40219.1
Project("{9A19103F-16F7-4668-BE54-9A1E7A4F7556}") = "Input-Output C#", "Input-Output C#.csproj", "{89904CF0-4A40-4BD5-B2BD-E7AC5455EA3C}"
EndProject
Global
	GlobalSection(SolutionConfigurationPlatforms) = preSolution
		Debug|Any CPU = Debug|Any CPU
		Release|Any CPU = Release|Any CPU
	EndGlobalSection
	GlobalSection(ProjectConfigurationPlatforms) = postSolution
		{89904CF0-4A40-4BD5-B2BD-E7AC5455EA3C}.Debug|Any CPU.ActiveCfg = Debug|Any CPU
		{89904CF0-4A40-4BD5-B2BD-E7AC5455EA3C}.Debug|Any CPU.Build.0 = Debug|Any CPU
		{89904CF0-4A40-4BD5-B2BD-E7AC5455EA3C}.Release|Any CPU.ActiveCfg = Release|Any CPU
		{89904CF0-4A40-4BD5-B2BD-E7AC5455EA3C}.Release|Any CPU.Build.0 = Release|Any CPU
	EndGlobalSection
	GlobalSection(SolutionProperties) = preSolution
		HideSolutionNode = FALSE
	EndGlobalSection
	GlobalSection(ExtensibilityGlobals) = postSolution
		SolutionGuid = {A743EB31-7631-431F-971B-100FCDA44C1F}
	EndGlobalSection
EndGlobal
