
Microsoft Visual Studio Solution File, Format Version 12.00
# Visual Studio Version 17
VisualStudioVersion = 17.10.35122.118
MinimumVisualStudioVersion = 10.0.40219.1
Project("{FAE04EC0-301F-11D3-BF4B-00C04F79EFBC}") = "Method C#", "Method C#.csproj", "{17AAA50B-6916-47EC-9B7E-BA29E0BC536B}"
EndProject
Global
	GlobalSection(SolutionConfigurationPlatforms) = preSolution
		Debug|Any CPU = Debug|Any CPU
		Release|Any CPU = Release|Any CPU
	EndGlobalSection
	GlobalSection(ProjectConfigurationPlatforms) = postSolution
		{17AAA50B-6916-47EC-9B7E-BA29E0BC536B}.Debug|Any CPU.ActiveCfg = Debug|Any CPU
		{17AAA50B-6916-47EC-9B7E-BA29E0BC536B}.Debug|Any CPU.Build.0 = Debug|Any CPU
		{17AAA50B-6916-47EC-9B7E-BA29E0BC536B}.Release|Any CPU.ActiveCfg = Release|Any CPU
		{17AAA50B-6916-47EC-9B7E-BA29E0BC536B}.Release|Any CPU.Build.0 = Release|Any CPU
	EndGlobalSection
	GlobalSection(SolutionProperties) = preSolution
		HideSolutionNode = FALSE
	EndGlobalSection
	GlobalSection(ExtensibilityGlobals) = postSolution
		SolutionGuid = {D05A3AE8-9F51-450B-9616-F11B89DFDD62}
	EndGlobalSection
EndGlobal
